
Microsoft Visual Studio Solution File, Format Version 12.00
# Visual Studio Version 17
VisualStudioVersion = 17.13.35931.197 d17.13
MinimumVisualStudioVersion = 10.0.40219.1
Project("{FAE04EC0-301F-11D3-BF4B-00C04F79EFBC}") = "Calculadora", "Calculadora\Calculadora.csproj", "{EE69D465-BD0A-43B5-B26B-17098BCCD7D8}"
EndProject
Global
	GlobalSection(SolutionConfigurationPlatforms) = preSolution
		Debug|Any CPU = Debug|Any CPU
		Release|Any CPU = Release|Any CPU
	EndGlobalSection
	GlobalSection(ProjectConfigurationPlatforms) = postSolution
		{EE69D465-BD0A-43B5-B26B-17098BCCD7D8}.Debug|Any CPU.ActiveCfg = Debug|Any CPU
		{EE69D465-BD0A-43B5-B26B-17098BCCD7D8}.Debug|Any CPU.Build.0 = Debug|Any CPU
		{EE69D465-BD0A-43B5-B26B-17098BCCD7D8}.Release|Any CPU.ActiveCfg = Release|Any CPU
		{EE69D465-BD0A-43B5-B26B-17098BCCD7D8}.Release|Any CPU.Build.0 = Release|Any CPU
	EndGlobalSection
	GlobalSection(SolutionProperties) = preSolution
		HideSolutionNode = FALSE
	EndGlobalSection
	GlobalSection(ExtensibilityGlobals) = postSolution
		SolutionGuid = {22285B5A-812B-478E-BCD6-6ADF1C46894B}
	EndGlobalSection
EndGlobal
